// !$*UTF8*$!
{
	archiveVersion = 1;
	classes = {
	};
	objectVersion = 50;
	objects = {

/* Begin PBXBuildFile section */
		AA7D3E47221E1C01005DA78C /* mainJewelView.xib in Resources */ = {isa = PBXBuildFile; fileRef = AA7D3E46221E1C01005DA78C /* mainJewelView.xib */; };
		AA7D3E49221E1D4B005DA78C /* mainJewelView.swift in Sources */ = {isa = PBXBuildFile; fileRef = AA7D3E48221E1D4B005DA78C /* mainJewelView.swift */; };
		AA8C0E53221689B1003AE8B1 /* TestWKView.swift in Sources */ = {isa = PBXBuildFile; fileRef = AA8C0E52221689B0003AE8B1 /* TestWKView.swift */; };
		AA9C7CC42238C7CD004F7D59 /* maxresdefault.jpg in Resources */ = {isa = PBXBuildFile; fileRef = AA9C7CC32238C7CC004F7D59 /* maxresdefault.jpg */; };
		AAAB3EA12213FE20004C783C /* AppDelegate.swift in Sources */ = {isa = PBXBuildFile; fileRef = AAAB3EA02213FE20004C783C /* AppDelegate.swift */; };
		AAAB3EA32213FE26004C783C /* Assets.xcassets in Resources */ = {isa = PBXBuildFile; fileRef = AAAB3EA22213FE26004C783C /* Assets.xcassets */; };
		AAAB3EA62213FE26004C783C /* MainMenu.xib in Resources */ = {isa = PBXBuildFile; fileRef = AAAB3EA42213FE26004C783C /* MainMenu.xib */; };
		AAAB3EB22213FE26004C783C /* JewelTests.swift in Sources */ = {isa = PBXBuildFile; fileRef = AAAB3EB12213FE26004C783C /* JewelTests.swift */; };
		AAAB3EBD2213FE26004C783C /* JewelUITests.swift in Sources */ = {isa = PBXBuildFile; fileRef = AAAB3EBC2213FE26004C783C /* JewelUITests.swift */; };
/* End PBXBuildFile section */

/* Begin PBXContainerItemProxy section */
		AAAB3EAE2213FE26004C783C /* PBXContainerItemProxy */ = {
			isa = PBXContainerItemProxy;
			containerPortal = AAAB3E952213FE20004C783C /* Project object */;
			proxyType = 1;
			remoteGlobalIDString = AAAB3E9C2213FE20004C783C;
			remoteInfo = Jewel;
		};
		AAAB3EB92213FE26004C783C /* PBXContainerItemProxy */ = {
			isa = PBXContainerItemProxy;
			containerPortal = AAAB3E952213FE20004C783C /* Project object */;
			proxyType = 1;
			remoteGlobalIDString = AAAB3E9C2213FE20004C783C;
			remoteInfo = Jewel;
		};
/* End PBXContainerItemProxy section */

/* Begin PBXFileReference section */
		AA7D3E46221E1C01005DA78C /* mainJewelView.xib */ = {isa = PBXFileReference; lastKnownFileType = file.xib; path = mainJewelView.xib; sourceTree = "<group>"; };
		AA7D3E48221E1D4B005DA78C /* mainJewelView.swift */ = {isa = PBXFileReference; lastKnownFileType = sourcecode.swift; path = mainJewelView.swift; sourceTree = "<group>"; };
		AA8C0E52221689B0003AE8B1 /* TestWKView.swift */ = {isa = PBXFileReference; fileEncoding = 4; lastKnownFileType = sourcecode.swift; path = TestWKView.swift; sourceTree = "<group>"; };
		AA9C7CC32238C7CC004F7D59 /* maxresdefault.jpg */ = {isa = PBXFileReference; lastKnownFileType = image.jpeg; path = maxresdefault.jpg; sourceTree = "<group>"; };
		AAAB3E9D2213FE20004C783C /* Jewel.app */ = {isa = PBXFileReference; explicitFileType = wrapper.application; includeInIndex = 0; path = Jewel.app; sourceTree = BUILT_PRODUCTS_DIR; };
		AAAB3EA02213FE20004C783C /* AppDelegate.swift */ = {isa = PBXFileReference; lastKnownFileType = sourcecode.swift; path = AppDelegate.swift; sourceTree = "<group>"; };
		AAAB3EA22213FE26004C783C /* Assets.xcassets */ = {isa = PBXFileReference; lastKnownFileType = folder.assetcatalog; path = Assets.xcassets; sourceTree = "<group>"; };
		AAAB3EA52213FE26004C783C /* Base */ = {isa = PBXFileReference; lastKnownFileType = file.xib; name = Base; path = Base.lproj/MainMenu.xib; sourceTree = "<group>"; };
		AAAB3EA72213FE26004C783C /* Info.plist */ = {isa = PBXFileReference; lastKnownFileType = text.plist.xml; path = Info.plist; sourceTree = "<group>"; };
		AAAB3EA82213FE26004C783C /* Jewel.entitlements */ = {isa = PBXFileReference; lastKnownFileType = text.plist.entitlements; path = Jewel.entitlements; sourceTree = "<group>"; };
		AAAB3EAD2213FE26004C783C /* JewelTests.xctest */ = {isa = PBXFileReference; explicitFileType = wrapper.cfbundle; includeInIndex = 0; path = JewelTests.xctest; sourceTree = BUILT_PRODUCTS_DIR; };
		AAAB3EB12213FE26004C783C /* JewelTests.swift */ = {isa = PBXFileReference; lastKnownFileType = sourcecode.swift; path = JewelTests.swift; sourceTree = "<group>"; };
		AAAB3EB32213FE26004C783C /* Info.plist */ = {isa = PBXFileReference; lastKnownFileType = text.plist.xml; path = Info.plist; sourceTree = "<group>"; };
		AAAB3EB82213FE26004C783C /* JewelUITests.xctest */ = {isa = PBXFileReference; explicitFileType = wrapper.cfbundle; includeInIndex = 0; path = JewelUITests.xctest; sourceTree = BUILT_PRODUCTS_DIR; };
		AAAB3EBC2213FE26004C783C /* JewelUITests.swift */ = {isa = PBXFileReference; lastKnownFileType = sourcecode.swift; path = JewelUITests.swift; sourceTree = "<group>"; };
		AAAB3EBE2213FE26004C783C /* Info.plist */ = {isa = PBXFileReference; lastKnownFileType = text.plist.xml; path = Info.plist; sourceTree = "<group>"; };
/* End PBXFileReference section */

/* Begin PBXFrameworksBuildPhase section */
		AAAB3E9A2213FE20004C783C /* Frameworks */ = {
			isa = PBXFrameworksBuildPhase;
			buildActionMask = 2147483647;
			files = (
			);
			runOnlyForDeploymentPostprocessing = 0;
		};
		AAAB3EAA2213FE26004C783C /* Frameworks */ = {
			isa = PBXFrameworksBuildPhase;
			buildActionMask = 2147483647;
			files = (
			);
			runOnlyForDeploymentPostprocessing = 0;
		};
		AAAB3EB52213FE26004C783C /* Frameworks */ = {
			isa = PBXFrameworksBuildPhase;
			buildActionMask = 2147483647;
			files = (
			);
			runOnlyForDeploymentPostprocessing = 0;
		};
/* End PBXFrameworksBuildPhase section */

/* Begin PBXGroup section */
		AAAB3E942213FE20004C783C = {
			isa = PBXGroup;
			children = (
				AAAB3E9F2213FE20004C783C /* Jewel */,
				AAAB3EB02213FE26004C783C /* JewelTests */,
				AAAB3EBB2213FE26004C783C /* JewelUITests */,
				AAAB3E9E2213FE20004C783C /* Products */,
			);
			sourceTree = "<group>";
		};
		AAAB3E9E2213FE20004C783C /* Products */ = {
			isa = PBXGroup;
			children = (
				AAAB3E9D2213FE20004C783C /* Jewel.app */,
				AAAB3EAD2213FE26004C783C /* JewelTests.xctest */,
				AAAB3EB82213FE26004C783C /* JewelUITests.xctest */,
			);
			name = Products;
			sourceTree = "<group>";
		};
		AAAB3E9F2213FE20004C783C /* Jewel */ = {
			isa = PBXGroup;
			children = (
				AAAB3EA02213FE20004C783C /* AppDelegate.swift */,
				AAAB3EA22213FE26004C783C /* Assets.xcassets */,
				AA9C7CC32238C7CC004F7D59 /* maxresdefault.jpg */,
				AAAB3EA42213FE26004C783C /* MainMenu.xib */,
				AAAB3EA72213FE26004C783C /* Info.plist */,
				AAAB3EA82213FE26004C783C /* Jewel.entitlements */,
				AA8C0E52221689B0003AE8B1 /* TestWKView.swift */,
				AA7D3E46221E1C01005DA78C /* mainJewelView.xib */,
				AA7D3E48221E1D4B005DA78C /* mainJewelView.swift */,
			);
			path = Jewel;
			sourceTree = "<group>";
		};
		AAAB3EB02213FE26004C783C /* JewelTests */ = {
			isa = PBXGroup;
			children = (
				AAAB3EB12213FE26004C783C /* JewelTests.swift */,
				AAAB3EB32213FE26004C783C /* Info.plist */,
			);
			path = JewelTests;
			sourceTree = "<group>";
		};
		AAAB3EBB2213FE26004C783C /* JewelUITests */ = {
			isa = PBXGroup;
			children = (
				AAAB3EBC2213FE26004C783C /* JewelUITests.swift */,
				AAAB3EBE2213FE26004C783C /* Info.plist */,
			);
			path = JewelUITests;
			sourceTree = "<group>";
		};
/* End PBXGroup section */

/* Begin PBXNativeTarget section */
		AAAB3E9C2213FE20004C783C /* Jewel */ = {
			isa = PBXNativeTarget;
			buildConfigurationList = AAAB3EC12213FE26004C783C /* Build configuration list for PBXNativeTarget "Jewel" */;
			buildPhases = (
				AAAB3E992213FE20004C783C /* Sources */,
				AAAB3E9A2213FE20004C783C /* Frameworks */,
				AAAB3E9B2213FE20004C783C /* Resources */,
				AA5CB69A2230AABD003231A8 /* Set Build Number */,
			);
			buildRules = (
			);
			dependencies = (
			);
			name = Jewel;
			productName = Jewel;
			productReference = AAAB3E9D2213FE20004C783C /* Jewel.app */;
			productType = "com.apple.product-type.application";
		};
		AAAB3EAC2213FE26004C783C /* JewelTests */ = {
			isa = PBXNativeTarget;
			buildConfigurationList = AAAB3EC42213FE26004C783C /* Build configuration list for PBXNativeTarget "JewelTests" */;
			buildPhases = (
				AAAB3EA92213FE26004C783C /* Sources */,
				AAAB3EAA2213FE26004C783C /* Frameworks */,
				AAAB3EAB2213FE26004C783C /* Resources */,
			);
			buildRules = (
			);
			dependencies = (
				AAAB3EAF2213FE26004C783C /* PBXTargetDependency */,
			);
			name = JewelTests;
			productName = JewelTests;
			productReference = AAAB3EAD2213FE26004C783C /* JewelTests.xctest */;
			productType = "com.apple.product-type.bundle.unit-test";
		};
		AAAB3EB72213FE26004C783C /* JewelUITests */ = {
			isa = PBXNativeTarget;
			buildConfigurationList = AAAB3EC72213FE26004C783C /* Build configuration list for PBXNativeTarget "JewelUITests" */;
			buildPhases = (
				AAAB3EB42213FE26004C783C /* Sources */,
				AAAB3EB52213FE26004C783C /* Frameworks */,
				AAAB3EB62213FE26004C783C /* Resources */,
			);
			buildRules = (
			);
			dependencies = (
				AAAB3EBA2213FE26004C783C /* PBXTargetDependency */,
			);
			name = JewelUITests;
			productName = JewelUITests;
			productReference = AAAB3EB82213FE26004C783C /* JewelUITests.xctest */;
			productType = "com.apple.product-type.bundle.ui-testing";
		};
/* End PBXNativeTarget section */

/* Begin PBXProject section */
		AAAB3E952213FE20004C783C /* Project object */ = {
			isa = PBXProject;
			attributes = {
				LastSwiftUpdateCheck = 1010;
				LastUpgradeCheck = 1010;
				ORGANIZATIONNAME = "Ethan Cardboard Box";
				TargetAttributes = {
					AAAB3E9C2213FE20004C783C = {
						CreatedOnToolsVersion = 10.1;
						LastSwiftMigration = 1020;
						SystemCapabilities = {
							com.apple.Sandbox = {
								enabled = 0;
							};
						};
					};
					AAAB3EAC2213FE26004C783C = {
						CreatedOnToolsVersion = 10.1;
						LastSwiftMigration = 1020;
						TestTargetID = AAAB3E9C2213FE20004C783C;
					};
					AAAB3EB72213FE26004C783C = {
						CreatedOnToolsVersion = 10.1;
						LastSwiftMigration = 1020;
						TestTargetID = AAAB3E9C2213FE20004C783C;
					};
				};
			};
			buildConfigurationList = AAAB3E982213FE20004C783C /* Build configuration list for PBXProject "Jewel" */;
			compatibilityVersion = "Xcode 9.3";
			developmentRegion = en;
			hasScannedForEncodings = 0;
			knownRegions = (
				en,
				Base,
			);
			mainGroup = AAAB3E942213FE20004C783C;
			productRefGroup = AAAB3E9E2213FE20004C783C /* Products */;
			projectDirPath = "";
			projectRoot = "";
			targets = (
				AAAB3E9C2213FE20004C783C /* Jewel */,
				AAAB3EAC2213FE26004C783C /* JewelTests */,
				AAAB3EB72213FE26004C783C /* JewelUITests */,
			);
		};
/* End PBXProject section */

/* Begin PBXResourcesBuildPhase section */
		AAAB3E9B2213FE20004C783C /* Resources */ = {
			isa = PBXResourcesBuildPhase;
			buildActionMask = 2147483647;
			files = (
				AA7D3E47221E1C01005DA78C /* mainJewelView.xib in Resources */,
				AA9C7CC42238C7CD004F7D59 /* maxresdefault.jpg in Resources */,
				AAAB3EA32213FE26004C783C /* Assets.xcassets in Resources */,
				AAAB3EA62213FE26004C783C /* MainMenu.xib in Resources */,
			);
			runOnlyForDeploymentPostprocessing = 0;
		};
		AAAB3EAB2213FE26004C783C /* Resources */ = {
			isa = PBXResourcesBuildPhase;
			buildActionMask = 2147483647;
			files = (
			);
			runOnlyForDeploymentPostprocessing = 0;
		};
		AAAB3EB62213FE26004C783C /* Resources */ = {
			isa = PBXResourcesBuildPhase;
			buildActionMask = 2147483647;
			files = (
			);
			runOnlyForDeploymentPostprocessing = 0;
		};
/* End PBXResourcesBuildPhase section */

/* Begin PBXShellScriptBuildPhase section */
		AA5CB69A2230AABD003231A8 /* Set Build Number */ = {
			isa = PBXShellScriptBuildPhase;
			buildActionMask = 2147483647;
			files = (
			);
			inputFileListPaths = (
			);
			inputPaths = (
			);
			name = "Set Build Number";
			outputFileListPaths = (
			);
			outputPaths = (
			);
			runOnlyForDeploymentPostprocessing = 0;
			shellPath = /bin/sh;
			shellScript = "buildNumber=$(/usr/libexec/PlistBuddy -c \"Print CFBundleVersion\" \"${PROJECT_DIR}/${INFOPLIST_FILE}\")\nbuildNumber=$(($buildNumber + 1))\n/usr/libexec/PlistBuddy -c \"Set :CFBundleVersion $buildNumber\" \"${PROJECT_DIR}/${INFOPLIST_FILE}\"\n";
		};
/* End PBXShellScriptBuildPhase section */

/* Begin PBXSourcesBuildPhase section */
		AAAB3E992213FE20004C783C /* Sources */ = {
			isa = PBXSourcesBuildPhase;
			buildActionMask = 2147483647;
			files = (
				AA8C0E53221689B1003AE8B1 /* TestWKView.swift in Sources */,
				AA7D3E49221E1D4B005DA78C /* mainJewelView.swift in Sources */,
				AAAB3EA12213FE20004C783C /* AppDelegate.swift in Sources */,
			);
			runOnlyForDeploymentPostprocessing = 0;
		};
		AAAB3EA92213FE26004C783C /* Sources */ = {
			isa = PBXSourcesBuildPhase;
			buildActionMask = 2147483647;
			files = (
				AAAB3EB22213FE26004C783C /* JewelTests.swift in Sources */,
			);
			runOnlyForDeploymentPostprocessing = 0;
		};
		AAAB3EB42213FE26004C783C /* Sources */ = {
			isa = PBXSourcesBuildPhase;
			buildActionMask = 2147483647;
			files = (
				AAAB3EBD2213FE26004C783C /* JewelUITests.swift in Sources */,
			);
			runOnlyForDeploymentPostprocessing = 0;
		};
/* End PBXSourcesBuildPhase section */

/* Begin PBXTargetDependency section */
		AAAB3EAF2213FE26004C783C /* PBXTargetDependency */ = {
			isa = PBXTargetDependency;
			target = AAAB3E9C2213FE20004C783C /* Jewel */;
			targetProxy = AAAB3EAE2213FE26004C783C /* PBXContainerItemProxy */;
		};
		AAAB3EBA2213FE26004C783C /* PBXTargetDependency */ = {
			isa = PBXTargetDependency;
			target = AAAB3E9C2213FE20004C783C /* Jewel */;
			targetProxy = AAAB3EB92213FE26004C783C /* PBXContainerItemProxy */;
		};
/* End PBXTargetDependency section */

/* Begin PBXVariantGroup section */
		AAAB3EA42213FE26004C783C /* MainMenu.xib */ = {
			isa = PBXVariantGroup;
			children = (
				AAAB3EA52213FE26004C783C /* Base */,
			);
			name = MainMenu.xib;
			sourceTree = "<group>";
		};
/* End PBXVariantGroup section */

/* Begin XCBuildConfiguration section */
		AAAB3EBF2213FE26004C783C /* Debug */ = {
			isa = XCBuildConfiguration;
			buildSettings = {
				ALWAYS_SEARCH_USER_PATHS = NO;
				CLANG_ANALYZER_NONNULL = YES;
				CLANG_ANALYZER_NUMBER_OBJECT_CONVERSION = YES_AGGRESSIVE;
				CLANG_CXX_LANGUAGE_STANDARD = "gnu++14";
				CLANG_CXX_LIBRARY = "libc++";
				CLANG_ENABLE_MODULES = YES;
				CLANG_ENABLE_OBJC_ARC = YES;
				CLANG_ENABLE_OBJC_WEAK = YES;
				CLANG_WARN_BLOCK_CAPTURE_AUTORELEASING = YES;
				CLANG_WARN_BOOL_CONVERSION = YES;
				CLANG_WARN_COMMA = YES;
				CLANG_WARN_CONSTANT_CONVERSION = YES;
				CLANG_WARN_DEPRECATED_OBJC_IMPLEMENTATIONS = YES;
				CLANG_WARN_DIRECT_OBJC_ISA_USAGE = YES_ERROR;
				CLANG_WARN_DOCUMENTATION_COMMENTS = YES;
				CLANG_WARN_EMPTY_BODY = YES;
				CLANG_WARN_ENUM_CONVERSION = YES;
				CLANG_WARN_INFINITE_RECURSION = YES;
				CLANG_WARN_INT_CONVERSION = YES;
				CLANG_WARN_NON_LITERAL_NULL_CONVERSION = YES;
				CLANG_WARN_OBJC_IMPLICIT_RETAIN_SELF = YES;
				CLANG_WARN_OBJC_LITERAL_CONVERSION = YES;
				CLANG_WARN_OBJC_ROOT_CLASS = YES_ERROR;
				CLANG_WARN_RANGE_LOOP_ANALYSIS = YES;
				CLANG_WARN_STRICT_PROTOTYPES = YES;
				CLANG_WARN_SUSPICIOUS_MOVE = YES;
				CLANG_WARN_UNGUARDED_AVAILABILITY = YES_AGGRESSIVE;
				CLANG_WARN_UNREACHABLE_CODE = YES;
				CLANG_WARN__DUPLICATE_METHOD_MATCH = YES;
				CODE_SIGN_IDENTITY = "Mac Developer";
				COPY_PHASE_STRIP = NO;
				DEBUG_INFORMATION_FORMAT = dwarf;
				ENABLE_STRICT_OBJC_MSGSEND = YES;
				ENABLE_TESTABILITY = YES;
				GCC_C_LANGUAGE_STANDARD = gnu11;
				GCC_DYNAMIC_NO_PIC = NO;
				GCC_NO_COMMON_BLOCKS = YES;
				GCC_OPTIMIZATION_LEVEL = 0;
				GCC_PREPROCESSOR_DEFINITIONS = (
					"DEBUG=1",
					"$(inherited)",
				);
				GCC_WARN_64_TO_32_BIT_CONVERSION = YES;
				GCC_WARN_ABOUT_RETURN_TYPE = YES_ERROR;
				GCC_WARN_UNDECLARED_SELECTOR = YES;
				GCC_WARN_UNINITIALIZED_AUTOS = YES_AGGRESSIVE;
				GCC_WARN_UNUSED_FUNCTION = YES;
				GCC_WARN_UNUSED_VARIABLE = YES;
				MACOSX_DEPLOYMENT_TARGET = 10.14;
				MTL_ENABLE_DEBUG_INFO = INCLUDE_SOURCE;
				MTL_FAST_MATH = YES;
				ONLY_ACTIVE_ARCH = YES;
				SDKROOT = macosx;
				SWIFT_ACTIVE_COMPILATION_CONDITIONS = DEBUG;
				SWIFT_OPTIMIZATION_LEVEL = "-Onone";
			};
			name = Debug;
		};
		AAAB3EC02213FE26004C783C /* Release */ = {
			isa = XCBuildConfiguration;
			buildSettings = {
				ALWAYS_SEARCH_USER_PATHS = NO;
				CLANG_ANALYZER_NONNULL = YES;
				CLANG_ANALYZER_NUMBER_OBJECT_CONVERSION = YES_AGGRESSIVE;
				CLANG_CXX_LANGUAGE_STANDARD = "gnu++14";
				CLANG_CXX_LIBRARY = "libc++";
				CLANG_ENABLE_MODULES = YES;
				CLANG_ENABLE_OBJC_ARC = YES;
				CLANG_ENABLE_OBJC_WEAK = YES;
				CLANG_WARN_BLOCK_CAPTURE_AUTORELEASING = YES;
				CLANG_WARN_BOOL_CONVERSION = YES;
				CLANG_WARN_COMMA = YES;
				CLANG_WARN_CONSTANT_CONVERSION = YES;
				CLANG_WARN_DEPRECATED_OBJC_IMPLEMENTATIONS = YES;
				CLANG_WARN_DIRECT_OBJC_ISA_USAGE = YES_ERROR;
				CLANG_WARN_DOCUMENTATION_COMMENTS = YES;
				CLANG_WARN_EMPTY_BODY = YES;
				CLANG_WARN_ENUM_CONVERSION = YES;
				CLANG_WARN_INFINITE_RECURSION = YES;
				CLANG_WARN_INT_CONVERSION = YES;
				CLANG_WARN_NON_LITERAL_NULL_CONVERSION = YES;
				CLANG_WARN_OBJC_IMPLICIT_RETAIN_SELF = YES;
				CLANG_WARN_OBJC_LITERAL_CONVERSION = YES;
				CLANG_WARN_OBJC_ROOT_CLASS = YES_ERROR;
				CLANG_WARN_RANGE_LOOP_ANALYSIS = YES;
				CLANG_WARN_STRICT_PROTOTYPES = YES;
				CLANG_WARN_SUSPICIOUS_MOVE = YES;
				CLANG_WARN_UNGUARDED_AVAILABILITY = YES_AGGRESSIVE;
				CLANG_WARN_UNREACHABLE_CODE = YES;
				CLANG_WARN__DUPLICATE_METHOD_MATCH = YES;
				CODE_SIGN_IDENTITY = "Mac Developer";
				COPY_PHASE_STRIP = NO;
				DEBUG_INFORMATION_FORMAT = "dwarf-with-dsym";
				ENABLE_NS_ASSERTIONS = NO;
				ENABLE_STRICT_OBJC_MSGSEND = YES;
				GCC_C_LANGUAGE_STANDARD = gnu11;
				GCC_NO_COMMON_BLOCKS = YES;
				GCC_WARN_64_TO_32_BIT_CONVERSION = YES;
				GCC_WARN_ABOUT_RETURN_TYPE = YES_ERROR;
				GCC_WARN_UNDECLARED_SELECTOR = YES;
				GCC_WARN_UNINITIALIZED_AUTOS = YES_AGGRESSIVE;
				GCC_WARN_UNUSED_FUNCTION = YES;
				GCC_WARN_UNUSED_VARIABLE = YES;
				MACOSX_DEPLOYMENT_TARGET = 10.14;
				MTL_ENABLE_DEBUG_INFO = NO;
				MTL_FAST_MATH = YES;
				SDKROOT = macosx;
				SWIFT_COMPILATION_MODE = wholemodule;
				SWIFT_OPTIMIZATION_LEVEL = "-O";
			};
			name = Release;
		};
		AAAB3EC22213FE26004C783C /* Debug */ = {
			isa = XCBuildConfiguration;
			buildSettings = {
				ASSETCATALOG_COMPILER_APPICON_NAME = AppIcon;
				CODE_SIGN_STYLE = Automatic;
				COMBINE_HIDPI_IMAGES = YES;
				CURRENT_PROJECT_VERSION = 1.0;
				DEVELOPMENT_TEAM = 5M2XXLBE78;
				INFOPLIST_FILE = Jewel/Info.plist;
				LD_RUNPATH_SEARCH_PATHS = (
					"$(inherited)",
					"@executable_path/../Frameworks",
				);
				PRODUCT_BUNDLE_IDENTIFIER = xenthio.Jewel;
				PRODUCT_NAME = "$(TARGET_NAME)";
				SWIFT_VERSION = 5.0;
				VERSIONING_SYSTEM = "";
			};
			name = Debug;
		};
		AAAB3EC32213FE26004C783C /* Release */ = {
			isa = XCBuildConfiguration;
			buildSettings = {
				ASSETCATALOG_COMPILER_APPICON_NAME = AppIcon;
				CODE_SIGN_STYLE = Automatic;
				COMBINE_HIDPI_IMAGES = YES;
				CURRENT_PROJECT_VERSION = 1.0;
				DEVELOPMENT_TEAM = 5M2XXLBE78;
				INFOPLIST_FILE = Jewel/Info.plist;
				LD_RUNPATH_SEARCH_PATHS = (
					"$(inherited)",
					"@executable_path/../Frameworks",
				);
				PRODUCT_BUNDLE_IDENTIFIER = xenthio.Jewel;
				PRODUCT_NAME = "$(TARGET_NAME)";
				SWIFT_VERSION = 5.0;
				VERSIONING_SYSTEM = "";
			};
			name = Release;
		};
		AAAB3EC52213FE26004C783C /* Debug */ = {
			isa = XCBuildConfiguration;
			buildSettings = {
				ALWAYS_EMBED_SWIFT_STANDARD_LIBRARIES = YES;
				BUNDLE_LOADER = "$(TEST_HOST)";
				CODE_SIGN_STYLE = Automatic;
				COMBINE_HIDPI_IMAGES = YES;
				DEVELOPMENT_TEAM = 5M2XXLBE78;
				INFOPLIST_FILE = JewelTests/Info.plist;
				LD_RUNPATH_SEARCH_PATHS = (
					"$(inherited)",
					"@executable_path/../Frameworks",
					"@loader_path/../Frameworks",
				);
				PRODUCT_BUNDLE_IDENTIFIER = xenthio.JewelTests;
				PRODUCT_NAME = "$(TARGET_NAME)";
				SWIFT_VERSION = 5.0;
				TEST_HOST = "$(BUILT_PRODUCTS_DIR)/Jewel.app/Contents/MacOS/Jewel";
			};
			name = Debug;
		};
		AAAB3EC62213FE26004C783C /* Release */ = {
			isa = XCBuildConfiguration;
			buildSettings = {
				ALWAYS_EMBED_SWIFT_STANDARD_LIBRARIES = YES;
				BUNDLE_LOADER = "$(TEST_HOST)";
				CODE_SIGN_STYLE = Automatic;
				COMBINE_HIDPI_IMAGES = YES;
				DEVELOPMENT_TEAM = 5M2XXLBE78;
				INFOPLIST_FILE = JewelTests/Info.plist;
				LD_RUNPATH_SEARCH_PATHS = (
					"$(inherited)",
					"@executable_path/../Frameworks",
					"@loader_path/../Frameworks",
				);
				PRODUCT_BUNDLE_IDENTIFIER = xenthio.JewelTests;
				PRODUCT_NAME = "$(TARGET_NAME)";
				SWIFT_VERSION = 5.0;
				TEST_HOST = "$(BUILT_PRODUCTS_DIR)/Jewel.app/Contents/MacOS/Jewel";
			};
			name = Release;
		};
		AAAB3EC82213FE26004C783C /* Debug */ = {
			isa = XCBuildConfiguration;
			buildSettings = {
				ALWAYS_EMBED_SWIFT_STANDARD_LIBRARIES = YES;
				CODE_SIGN_STYLE = Automatic;
				COMBINE_HIDPI_IMAGES = YES;
				DEVELOPMENT_TEAM = 5M2XXLBE78;
				INFOPLIST_FILE = JewelUITests/Info.plist;
				LD_RUNPATH_SEARCH_PATHS = (
					"$(inherited)",
					"@executable_path/../Frameworks",
					"@loader_path/../Frameworks",
				);
				PRODUCT_BUNDLE_IDENTIFIER = xenthio.JewelUITests;
				PRODUCT_NAME = "$(TARGET_NAME)";
				SWIFT_VERSION = 5.0;
				TEST_TARGET_NAME = Jewel;
			};
			name = Debug;
		};
		AAAB3EC92213FE26004C783C /* Release */ = {
			isa = XCBuildConfiguration;
			buildSettings = {
				ALWAYS_EMBED_SWIFT_STANDARD_LIBRARIES = YES;
				CODE_SIGN_STYLE = Automatic;
				COMBINE_HIDPI_IMAGES = YES;
				DEVELOPMENT_TEAM = 5M2XXLBE78;
				INFOPLIST_FILE = JewelUITests/Info.plist;
				LD_RUNPATH_SEARCH_PATHS = (
					"$(inherited)",
					"@executable_path/../Frameworks",
					"@loader_path/../Frameworks",
				);
				PRODUCT_BUNDLE_IDENTIFIER = xenthio.JewelUITests;
				PRODUCT_NAME = "$(TARGET_NAME)";
				SWIFT_VERSION = 5.0;
				TEST_TARGET_NAME = Jewel;
			};
			name = Release;
		};
/* End XCBuildConfiguration section */

/* Begin XCConfigurationList section */
		AAAB3E982213FE20004C783C /* Build configuration list for PBXProject "Jewel" */ = {
			isa = XCConfigurationList;
			buildConfigurations = (
				AAAB3EBF2213FE26004C783C /* Debug */,
				AAAB3EC02213FE26004C783C /* Release */,
			);
			defaultConfigurationIsVisible = 0;
			defaultConfigurationName = Release;
		};
		AAAB3EC12213FE26004C783C /* Build configuration list for PBXNativeTarget "Jewel" */ = {
			isa = XCConfigurationList;
			buildConfigurations = (
				AAAB3EC22213FE26004C783C /* Debug */,
				AAAB3EC32213FE26004C783C /* Release */,
			);
			defaultConfigurationIsVisible = 0;
			defaultConfigurationName = Release;
		};
		AAAB3EC42213FE26004C783C /* Build configuration list for PBXNativeTarget "JewelTests" */ = {
			isa = XCConfigurationList;
			buildConfigurations = (
				AAAB3EC52213FE26004C783C /* Debug */,
				AAAB3EC62213FE26004C783C /* Release */,
			);
			defaultConfigurationIsVisible = 0;
			defaultConfigurationName = Release;
		};
		AAAB3EC72213FE26004C783C /* Build configuration list for PBXNativeTarget "JewelUITests" */ = {
			isa = XCConfigurationList;
			buildConfigurations = (
				AAAB3EC82213FE26004C783C /* Debug */,
				AAAB3EC92213FE26004C783C /* Release */,
			);
			defaultConfigurationIsVisible = 0;
			defaultConfigurationName = Release;
		};
/* End XCConfigurationList section */
	};
	rootObject = AAAB3E952213FE20004C783C /* Project object */;
}
